{
  "name": "selene",
  "lockfileVersion": 3,
  "requires": true,
  "packages": {
    "": {
      "dependencies": {
        "lxgw-wenkai-webfont": "^1.7.0"
      }
    },
    "node_modules/lxgw-wenkai-webfont": {
      "version": "1.7.0",
      "resolved": "https://registry.npmjs.org/lxgw-wenkai-webfont/-/lxgw-wenkai-webfont-1.7.0.tgz",
      "integrity": "sha512-kVJmT4xMAyOLhG6q0w63wJkVU7RP8UMQRGoAWj9tnpzL7sWFFYiEHBdUQyW9myqBQFa5SQfWfa2VLYF4IJBL5g=="
    }
  }
}
